// !$*UTF8*$!
{
	archiveVersion = 1;
	classes = {
	};
	objectVersion = 51;
	objects = {

/* Begin PBXBuildFile section */
		50D5086ED5390DE442082151 /* Pods_BleAppLearning.framework in Frameworks */ = {isa = PBXBuildFile; fileRef = B2C0F021ABA36A74400929AB /* Pods_BleAppLearning.framework */; };
		ABACDEAB25E14C77003F5B0B /* AppDelegate.swift in Sources */ = {isa = PBXBuildFile; fileRef = ABACDEAA25E14C77003F5B0B /* AppDelegate.swift */; };
		ABACDEAD25E14C77003F5B0B /* SceneDelegate.swift in Sources */ = {isa = PBXBuildFile; fileRef = ABACDEAC25E14C77003F5B0B /* SceneDelegate.swift */; };
		ABACDEAF25E14C77003F5B0B /* MainViewController.swift in Sources */ = {isa = PBXBuildFile; fileRef = ABACDEAE25E14C77003F5B0B /* MainViewController.swift */; };
		ABACDEB225E14C77003F5B0B /* Main.storyboard in Resources */ = {isa = PBXBuildFile; fileRef = ABACDEB025E14C77003F5B0B /* Main.storyboard */; };
		ABACDEB425E14C78003F5B0B /* Assets.xcassets in Resources */ = {isa = PBXBuildFile; fileRef = ABACDEB325E14C78003F5B0B /* Assets.xcassets */; };
		ABACDEB725E14C78003F5B0B /* LaunchScreen.storyboard in Resources */ = {isa = PBXBuildFile; fileRef = ABACDEB525E14C78003F5B0B /* LaunchScreen.storyboard */; };
		ABACDEC025E15184003F5B0B /* AppIcon.png in Resources */ = {isa = PBXBuildFile; fileRef = ABACDEBF25E15184003F5B0B /* AppIcon.png */; };
		ABACDECE25E16D1D003F5B0B /* DeviceTableViewCell.swift in Sources */ = {isa = PBXBuildFile; fileRef = ABACDECC25E16D1D003F5B0B /* DeviceTableViewCell.swift */; };
		ABACDECF25E16D1D003F5B0B /* DeviceTableViewCell.xib in Resources */ = {isa = PBXBuildFile; fileRef = ABACDECD25E16D1D003F5B0B /* DeviceTableViewCell.xib */; };
		ABACDEE625E16F2B003F5B0B /* UITableView.swift in Sources */ = {isa = PBXBuildFile; fileRef = ABACDEE525E16F2B003F5B0B /* UITableView.swift */; };
		ABACDEEF25E18045003F5B0B /* UIViewController+Alert.swift in Sources */ = {isa = PBXBuildFile; fileRef = ABACDEEE25E18045003F5B0B /* UIViewController+Alert.swift */; };
		ABACDF1925E25986003F5B0B /* CBManagerState.swift in Sources */ = {isa = PBXBuildFile; fileRef = ABACDF1825E25985003F5B0B /* CBManagerState.swift */; };
		ABACDF1F25E26E31003F5B0B /* Printer.swift in Sources */ = {isa = PBXBuildFile; fileRef = ABACDF1E25E26E31003F5B0B /* Printer.swift */; };
		ABACDF2525E2702C003F5B0B /* DeviceInfo.storyboard in Resources */ = {isa = PBXBuildFile; fileRef = ABACDF2425E2702C003F5B0B /* DeviceInfo.storyboard */; };
		ABACDF2825E27042003F5B0B /* DeviceInfoViewController.swift in Sources */ = {isa = PBXBuildFile; fileRef = ABACDF2725E27042003F5B0B /* DeviceInfoViewController.swift */; };
		ABACDF2D25E27501003F5B0B /* StoreLocator.swift in Sources */ = {isa = PBXBuildFile; fileRef = ABACDF2C25E27501003F5B0B /* StoreLocator.swift */; };
		ABACDF3125E275AC003F5B0B /* SwiftyReduxBridging.swift in Sources */ = {isa = PBXBuildFile; fileRef = ABACDF3025E275AC003F5B0B /* SwiftyReduxBridging.swift */; };
		ABACDF3525E27874003F5B0B /* AppCoordinator.swift in Sources */ = {isa = PBXBuildFile; fileRef = ABACDF3425E27874003F5B0B /* AppCoordinator.swift */; };
		ABACDF3825E27A9C003F5B0B /* MainCoordinator.swift in Sources */ = {isa = PBXBuildFile; fileRef = ABACDF3725E27A9C003F5B0B /* MainCoordinator.swift */; };
		ABACDF3E25E27D6E003F5B0B /* Command.swift in Sources */ = {isa = PBXBuildFile; fileRef = ABACDF3D25E27D6E003F5B0B /* Command.swift */; };
		ABACDF4125E27E16003F5B0B /* Coordinator.swift in Sources */ = {isa = PBXBuildFile; fileRef = ABACDF4025E27E16003F5B0B /* Coordinator.swift */; };
		ABACDF4425E27E33003F5B0B /* Router.swift in Sources */ = {isa = PBXBuildFile; fileRef = ABACDF4325E27E33003F5B0B /* Router.swift */; };
		ABACDF4725E27EC0003F5B0B /* DeviceInfoFactory.swift in Sources */ = {isa = PBXBuildFile; fileRef = ABACDF4625E27EC0003F5B0B /* DeviceInfoFactory.swift */; };
		ABACDF4A25E27F3B003F5B0B /* UIStoryboard.swift in Sources */ = {isa = PBXBuildFile; fileRef = ABACDF4925E27F3B003F5B0B /* UIStoryboard.swift */; };
		ABACDF4E25E28558003F5B0B /* AppState.swift in Sources */ = {isa = PBXBuildFile; fileRef = ABACDF4D25E28558003F5B0B /* AppState.swift */; };
		ABACDF5225E28E69003F5B0B /* Action.swift in Sources */ = {isa = PBXBuildFile; fileRef = ABACDF5125E28E69003F5B0B /* Action.swift */; };
		ABACDF5625E28E98003F5B0B /* MainState.swift in Sources */ = {isa = PBXBuildFile; fileRef = ABACDF5525E28E98003F5B0B /* MainState.swift */; };
		ABACDF5925E2947A003F5B0B /* Functions.swift in Sources */ = {isa = PBXBuildFile; fileRef = ABACDF5825E2947A003F5B0B /* Functions.swift */; };
		ABACDF5D25E295A7003F5B0B /* DeviceInfoPresenter.swift in Sources */ = {isa = PBXBuildFile; fileRef = ABACDF5C25E295A7003F5B0B /* DeviceInfoPresenter.swift */; };
		ABACDF6325E2AA73003F5B0B /* CBBridging.swift in Sources */ = {isa = PBXBuildFile; fileRef = ABACDF6225E2AA73003F5B0B /* CBBridging.swift */; };
		ABACDF6625E2AFA9003F5B0B /* MainFactory.swift in Sources */ = {isa = PBXBuildFile; fileRef = ABACDF6525E2AFA9003F5B0B /* MainFactory.swift */; };
		ABACDF6925E2B04B003F5B0B /* MainPresenter.swift in Sources */ = {isa = PBXBuildFile; fileRef = ABACDF6825E2B04B003F5B0B /* MainPresenter.swift */; };
		ABACDF6F25E3D29A003F5B0B /* DeviceAction.swift in Sources */ = {isa = PBXBuildFile; fileRef = ABACDF6E25E3D29A003F5B0B /* DeviceAction.swift */; };
/* End PBXBuildFile section */

/* Begin PBXFileReference section */
		34071AF668234CD11E881C3B /* Pods-BleAppLearning.debug.xcconfig */ = {isa = PBXFileReference; includeInIndex = 1; lastKnownFileType = text.xcconfig; name = "Pods-BleAppLearning.debug.xcconfig"; path = "Target Support Files/Pods-BleAppLearning/Pods-BleAppLearning.debug.xcconfig"; sourceTree = "<group>"; };
		41AC48F4227DFDC615D49347 /* Pods-BleAppLearning.release.xcconfig */ = {isa = PBXFileReference; includeInIndex = 1; lastKnownFileType = text.xcconfig; name = "Pods-BleAppLearning.release.xcconfig"; path = "Target Support Files/Pods-BleAppLearning/Pods-BleAppLearning.release.xcconfig"; sourceTree = "<group>"; };
		ABACDEA725E14C77003F5B0B /* BleAppLearning.app */ = {isa = PBXFileReference; explicitFileType = wrapper.application; includeInIndex = 0; path = BleAppLearning.app; sourceTree = BUILT_PRODUCTS_DIR; };
		ABACDEAA25E14C77003F5B0B /* AppDelegate.swift */ = {isa = PBXFileReference; lastKnownFileType = sourcecode.swift; path = AppDelegate.swift; sourceTree = "<group>"; };
		ABACDEAC25E14C77003F5B0B /* SceneDelegate.swift */ = {isa = PBXFileReference; lastKnownFileType = sourcecode.swift; path = SceneDelegate.swift; sourceTree = "<group>"; };
		ABACDEAE25E14C77003F5B0B /* MainViewController.swift */ = {isa = PBXFileReference; lastKnownFileType = sourcecode.swift; path = MainViewController.swift; sourceTree = "<group>"; };
		ABACDEB125E14C77003F5B0B /* Base */ = {isa = PBXFileReference; lastKnownFileType = file.storyboard; name = Base; path = Base.lproj/Main.storyboard; sourceTree = "<group>"; };
		ABACDEB325E14C78003F5B0B /* Assets.xcassets */ = {isa = PBXFileReference; lastKnownFileType = folder.assetcatalog; path = Assets.xcassets; sourceTree = "<group>"; };
		ABACDEB625E14C78003F5B0B /* Base */ = {isa = PBXFileReference; lastKnownFileType = file.storyboard; name = Base; path = Base.lproj/LaunchScreen.storyboard; sourceTree = "<group>"; };
		ABACDEB825E14C78003F5B0B /* Info.plist */ = {isa = PBXFileReference; lastKnownFileType = text.plist.xml; path = Info.plist; sourceTree = "<group>"; };
		ABACDEBF25E15184003F5B0B /* AppIcon.png */ = {isa = PBXFileReference; lastKnownFileType = image.png; path = AppIcon.png; sourceTree = "<group>"; };
		ABACDECC25E16D1D003F5B0B /* DeviceTableViewCell.swift */ = {isa = PBXFileReference; lastKnownFileType = sourcecode.swift; path = DeviceTableViewCell.swift; sourceTree = "<group>"; };
		ABACDECD25E16D1D003F5B0B /* DeviceTableViewCell.xib */ = {isa = PBXFileReference; lastKnownFileType = file.xib; path = DeviceTableViewCell.xib; sourceTree = "<group>"; };
		ABACDEE525E16F2B003F5B0B /* UITableView.swift */ = {isa = PBXFileReference; lastKnownFileType = sourcecode.swift; path = UITableView.swift; sourceTree = "<group>"; };
		ABACDEEE25E18045003F5B0B /* UIViewController+Alert.swift */ = {isa = PBXFileReference; lastKnownFileType = sourcecode.swift; path = "UIViewController+Alert.swift"; sourceTree = "<group>"; };
		ABACDF1825E25985003F5B0B /* CBManagerState.swift */ = {isa = PBXFileReference; lastKnownFileType = sourcecode.swift; path = CBManagerState.swift; sourceTree = "<group>"; };
		ABACDF1E25E26E31003F5B0B /* Printer.swift */ = {isa = PBXFileReference; lastKnownFileType = sourcecode.swift; path = Printer.swift; sourceTree = "<group>"; };
		ABACDF2425E2702C003F5B0B /* DeviceInfo.storyboard */ = {isa = PBXFileReference; lastKnownFileType = file.storyboard; path = DeviceInfo.storyboard; sourceTree = "<group>"; };
		ABACDF2725E27042003F5B0B /* DeviceInfoViewController.swift */ = {isa = PBXFileReference; lastKnownFileType = sourcecode.swift; path = DeviceInfoViewController.swift; sourceTree = "<group>"; };
		ABACDF2C25E27501003F5B0B /* StoreLocator.swift */ = {isa = PBXFileReference; lastKnownFileType = sourcecode.swift; path = StoreLocator.swift; sourceTree = "<group>"; };
		ABACDF3025E275AC003F5B0B /* SwiftyReduxBridging.swift */ = {isa = PBXFileReference; lastKnownFileType = sourcecode.swift; path = SwiftyReduxBridging.swift; sourceTree = "<group>"; };
		ABACDF3425E27874003F5B0B /* AppCoordinator.swift */ = {isa = PBXFileReference; lastKnownFileType = sourcecode.swift; path = AppCoordinator.swift; sourceTree = "<group>"; };
		ABACDF3725E27A9C003F5B0B /* MainCoordinator.swift */ = {isa = PBXFileReference; lastKnownFileType = sourcecode.swift; path = MainCoordinator.swift; sourceTree = "<group>"; };
		ABACDF3D25E27D6E003F5B0B /* Command.swift */ = {isa = PBXFileReference; lastKnownFileType = sourcecode.swift; path = Command.swift; sourceTree = "<group>"; };
		ABACDF4025E27E16003F5B0B /* Coordinator.swift */ = {isa = PBXFileReference; lastKnownFileType = sourcecode.swift; path = Coordinator.swift; sourceTree = "<group>"; };
		ABACDF4325E27E33003F5B0B /* Router.swift */ = {isa = PBXFileReference; lastKnownFileType = sourcecode.swift; path = Router.swift; sourceTree = "<group>"; };
		ABACDF4625E27EC0003F5B0B /* DeviceInfoFactory.swift */ = {isa = PBXFileReference; lastKnownFileType = sourcecode.swift; path = DeviceInfoFactory.swift; sourceTree = "<group>"; };
		ABACDF4925E27F3B003F5B0B /* UIStoryboard.swift */ = {isa = PBXFileReference; lastKnownFileType = sourcecode.swift; path = UIStoryboard.swift; sourceTree = "<group>"; };
		ABACDF4D25E28558003F5B0B /* AppState.swift */ = {isa = PBXFileReference; lastKnownFileType = sourcecode.swift; path = AppState.swift; sourceTree = "<group>"; };
		ABACDF5125E28E69003F5B0B /* Action.swift */ = {isa = PBXFileReference; lastKnownFileType = sourcecode.swift; path = Action.swift; sourceTree = "<group>"; };
		ABACDF5525E28E98003F5B0B /* MainState.swift */ = {isa = PBXFileReference; lastKnownFileType = sourcecode.swift; path = MainState.swift; sourceTree = "<group>"; };
		ABACDF5825E2947A003F5B0B /* Functions.swift */ = {isa = PBXFileReference; lastKnownFileType = sourcecode.swift; path = Functions.swift; sourceTree = "<group>"; };
		ABACDF5C25E295A7003F5B0B /* DeviceInfoPresenter.swift */ = {isa = PBXFileReference; lastKnownFileType = sourcecode.swift; path = DeviceInfoPresenter.swift; sourceTree = "<group>"; };
		ABACDF6225E2AA73003F5B0B /* CBBridging.swift */ = {isa = PBXFileReference; lastKnownFileType = sourcecode.swift; path = CBBridging.swift; sourceTree = "<group>"; };
		ABACDF6525E2AFA9003F5B0B /* MainFactory.swift */ = {isa = PBXFileReference; lastKnownFileType = sourcecode.swift; path = MainFactory.swift; sourceTree = "<group>"; };
		ABACDF6825E2B04B003F5B0B /* MainPresenter.swift */ = {isa = PBXFileReference; lastKnownFileType = sourcecode.swift; path = MainPresenter.swift; sourceTree = "<group>"; };
		ABACDF6E25E3D29A003F5B0B /* DeviceAction.swift */ = {isa = PBXFileReference; lastKnownFileType = sourcecode.swift; path = DeviceAction.swift; sourceTree = "<group>"; };
		B2C0F021ABA36A74400929AB /* Pods_BleAppLearning.framework */ = {isa = PBXFileReference; explicitFileType = wrapper.framework; includeInIndex = 0; path = Pods_BleAppLearning.framework; sourceTree = BUILT_PRODUCTS_DIR; };
/* End PBXFileReference section */

/* Begin PBXFrameworksBuildPhase section */
		ABACDEA425E14C77003F5B0B /* Frameworks */ = {
			isa = PBXFrameworksBuildPhase;
			buildActionMask = 2147483647;
			files = (
				50D5086ED5390DE442082151 /* Pods_BleAppLearning.framework in Frameworks */,
			);
			runOnlyForDeploymentPostprocessing = 0;
		};
/* End PBXFrameworksBuildPhase section */

/* Begin PBXGroup section */
		028B09045605371269404CAF /* Pods */ = {
			isa = PBXGroup;
			children = (
				34071AF668234CD11E881C3B /* Pods-BleAppLearning.debug.xcconfig */,
				41AC48F4227DFDC615D49347 /* Pods-BleAppLearning.release.xcconfig */,
			);
			path = Pods;
			sourceTree = "<group>";
		};
		ABACDE9E25E14C77003F5B0B = {
			isa = PBXGroup;
			children = (
				ABACDEA925E14C77003F5B0B /* BleAppLearning */,
				ABACDEA825E14C77003F5B0B /* Products */,
				028B09045605371269404CAF /* Pods */,
				C3BB719F93B186073CE44CC4 /* Frameworks */,
			);
			sourceTree = "<group>";
		};
		ABACDEA825E14C77003F5B0B /* Products */ = {
			isa = PBXGroup;
			children = (
				ABACDEA725E14C77003F5B0B /* BleAppLearning.app */,
			);
			name = Products;
			sourceTree = "<group>";
		};
		ABACDEA925E14C77003F5B0B /* BleAppLearning */ = {
			isa = PBXGroup;
			children = (
				ABACDF5025E28E61003F5B0B /* Action */,
				ABACDF4C25E2854E003F5B0B /* State */,
				ABACDF2F25E27591003F5B0B /* Abstractions */,
				ABACDF2A25E274EA003F5B0B /* Services */,
				ABACDF1D25E26E24003F5B0B /* Helpers */,
				ABACDEE425E16F1B003F5B0B /* Extensions */,
				ABACDEE925E17563003F5B0B /* Screens */,
				ABACDEC725E16CDE003F5B0B /* Cells */,
				ABACDEAA25E14C77003F5B0B /* AppDelegate.swift */,
				ABACDEAC25E14C77003F5B0B /* SceneDelegate.swift */,
				ABACDEB325E14C78003F5B0B /* Assets.xcassets */,
				ABACDEB525E14C78003F5B0B /* LaunchScreen.storyboard */,
				ABACDEBF25E15184003F5B0B /* AppIcon.png */,
				ABACDEB825E14C78003F5B0B /* Info.plist */,
				ABACDF3425E27874003F5B0B /* AppCoordinator.swift */,
			);
			path = BleAppLearning;
			sourceTree = "<group>";
		};
		ABACDEC725E16CDE003F5B0B /* Cells */ = {
			isa = PBXGroup;
			children = (
				ABACDECC25E16D1D003F5B0B /* DeviceTableViewCell.swift */,
				ABACDECD25E16D1D003F5B0B /* DeviceTableViewCell.xib */,
			);
			path = Cells;
			sourceTree = "<group>";
		};
		ABACDEE425E16F1B003F5B0B /* Extensions */ = {
			isa = PBXGroup;
			children = (
				ABACDEE525E16F2B003F5B0B /* UITableView.swift */,
				ABACDEEE25E18045003F5B0B /* UIViewController+Alert.swift */,
				ABACDF1825E25985003F5B0B /* CBManagerState.swift */,
				ABACDF4925E27F3B003F5B0B /* UIStoryboard.swift */,
			);
			path = Extensions;
			sourceTree = "<group>";
		};
		ABACDEE925E17563003F5B0B /* Screens */ = {
			isa = PBXGroup;
			children = (
				ABACDF2325E27011003F5B0B /* DeviceInfo */,
				ABACDF2225E27004003F5B0B /* Main */,
			);
			path = Screens;
			sourceTree = "<group>";
		};
		ABACDF1D25E26E24003F5B0B /* Helpers */ = {
			isa = PBXGroup;
			children = (
				ABACDF5825E2947A003F5B0B /* Functions.swift */,
				ABACDF1E25E26E31003F5B0B /* Printer.swift */,
			);
			path = Helpers;
			sourceTree = "<group>";
		};
		ABACDF2225E27004003F5B0B /* Main */ = {
			isa = PBXGroup;
			children = (
				ABACDEB025E14C77003F5B0B /* Main.storyboard */,
				ABACDEAE25E14C77003F5B0B /* MainViewController.swift */,
				ABACDF3725E27A9C003F5B0B /* MainCoordinator.swift */,
				ABACDF6525E2AFA9003F5B0B /* MainFactory.swift */,
				ABACDF6825E2B04B003F5B0B /* MainPresenter.swift */,
			);
			path = Main;
			sourceTree = "<group>";
		};
		ABACDF2325E27011003F5B0B /* DeviceInfo */ = {
			isa = PBXGroup;
			children = (
				ABACDF2425E2702C003F5B0B /* DeviceInfo.storyboard */,
				ABACDF2725E27042003F5B0B /* DeviceInfoViewController.swift */,
				ABACDF4625E27EC0003F5B0B /* DeviceInfoFactory.swift */,
				ABACDF5C25E295A7003F5B0B /* DeviceInfoPresenter.swift */,
			);
			path = DeviceInfo;
			sourceTree = "<group>";
		};
		ABACDF2A25E274EA003F5B0B /* Services */ = {
			isa = PBXGroup;
			children = (
				ABACDF2B25E274F2003F5B0B /* Locators */,
			);
			path = Services;
			sourceTree = "<group>";
		};
		ABACDF2B25E274F2003F5B0B /* Locators */ = {
			isa = PBXGroup;
			children = (
				ABACDF2C25E27501003F5B0B /* StoreLocator.swift */,
			);
			path = Locators;
			sourceTree = "<group>";
		};
		ABACDF2F25E27591003F5B0B /* Abstractions */ = {
			isa = PBXGroup;
			children = (
				ABACDF3025E275AC003F5B0B /* SwiftyReduxBridging.swift */,
				ABACDF3D25E27D6E003F5B0B /* Command.swift */,
				ABACDF4025E27E16003F5B0B /* Coordinator.swift */,
				ABACDF4325E27E33003F5B0B /* Router.swift */,
				ABACDF6225E2AA73003F5B0B /* CBBridging.swift */,
			);
			path = Abstractions;
			sourceTree = "<group>";
		};
		ABACDF4C25E2854E003F5B0B /* State */ = {
			isa = PBXGroup;
			children = (
				ABACDF4D25E28558003F5B0B /* AppState.swift */,
				ABACDF5525E28E98003F5B0B /* MainState.swift */,
			);
			path = State;
			sourceTree = "<group>";
		};
		ABACDF5025E28E61003F5B0B /* Action */ = {
			isa = PBXGroup;
			children = (
				ABACDF5125E28E69003F5B0B /* Action.swift */,
				ABACDF6E25E3D29A003F5B0B /* DeviceAction.swift */,
			);
			path = Action;
			sourceTree = "<group>";
		};
		C3BB719F93B186073CE44CC4 /* Frameworks */ = {
			isa = PBXGroup;
			children = (
				B2C0F021ABA36A74400929AB /* Pods_BleAppLearning.framework */,
			);
			name = Frameworks;
			sourceTree = "<group>";
		};
/* End PBXGroup section */

/* Begin PBXNativeTarget section */
		ABACDEA625E14C77003F5B0B /* BleAppLearning */ = {
			isa = PBXNativeTarget;
			buildConfigurationList = ABACDEBB25E14C78003F5B0B /* Build configuration list for PBXNativeTarget "BleAppLearning" */;
			buildPhases = (
				324A7E8FCAAFE5FBBD610CE3 /* [CP] Check Pods Manifest.lock */,
				ABACDEA325E14C77003F5B0B /* Sources */,
				ABACDEA425E14C77003F5B0B /* Frameworks */,
				ABACDEA525E14C77003F5B0B /* Resources */,
				FF8D105DAF9B6BB6B28B26F8 /* [CP] Embed Pods Frameworks */,
			);
			buildRules = (
			);
			dependencies = (
			);
			name = BleAppLearning;
			productName = BleAppLearning;
			productReference = ABACDEA725E14C77003F5B0B /* BleAppLearning.app */;
			productType = "com.apple.product-type.application";
		};
/* End PBXNativeTarget section */

/* Begin PBXProject section */
		ABACDE9F25E14C77003F5B0B /* Project object */ = {
			isa = PBXProject;
			attributes = {
				LastSwiftUpdateCheck = 1240;
				LastUpgradeCheck = 1240;
				TargetAttributes = {
					ABACDEA625E14C77003F5B0B = {
						CreatedOnToolsVersion = 12.4;
					};
				};
			};
			buildConfigurationList = ABACDEA225E14C77003F5B0B /* Build configuration list for PBXProject "BleAppLearning" */;
			compatibilityVersion = "Xcode 9.3";
			developmentRegion = en;
			hasScannedForEncodings = 0;
			knownRegions = (
				en,
				Base,
			);
			mainGroup = ABACDE9E25E14C77003F5B0B;
			productRefGroup = ABACDEA825E14C77003F5B0B /* Products */;
			projectDirPath = "";
			projectRoot = "";
			targets = (
				ABACDEA625E14C77003F5B0B /* BleAppLearning */,
			);
		};
/* End PBXProject section */

/* Begin PBXResourcesBuildPhase section */
		ABACDEA525E14C77003F5B0B /* Resources */ = {
			isa = PBXResourcesBuildPhase;
			buildActionMask = 2147483647;
			files = (
				ABACDF2525E2702C003F5B0B /* DeviceInfo.storyboard in Resources */,
				ABACDEB725E14C78003F5B0B /* LaunchScreen.storyboard in Resources */,
				ABACDEC025E15184003F5B0B /* AppIcon.png in Resources */,
				ABACDEB425E14C78003F5B0B /* Assets.xcassets in Resources */,
				ABACDEB225E14C77003F5B0B /* Main.storyboard in Resources */,
				ABACDECF25E16D1D003F5B0B /* DeviceTableViewCell.xib in Resources */,
			);
			runOnlyForDeploymentPostprocessing = 0;
		};
/* End PBXResourcesBuildPhase section */

/* Begin PBXShellScriptBuildPhase section */
		324A7E8FCAAFE5FBBD610CE3 /* [CP] Check Pods Manifest.lock */ = {
			isa = PBXShellScriptBuildPhase;
			buildActionMask = 2147483647;
			files = (
			);
			inputFileListPaths = (
			);
			inputPaths = (
				"${PODS_PODFILE_DIR_PATH}/Podfile.lock",
				"${PODS_ROOT}/Manifest.lock",
			);
			name = "[CP] Check Pods Manifest.lock";
			outputFileListPaths = (
			);
			outputPaths = (
				"$(DERIVED_FILE_DIR)/Pods-BleAppLearning-checkManifestLockResult.txt",
			);
			runOnlyForDeploymentPostprocessing = 0;
			shellPath = /bin/sh;
			shellScript = "diff \"${PODS_PODFILE_DIR_PATH}/Podfile.lock\" \"${PODS_ROOT}/Manifest.lock\" > /dev/null\nif [ $? != 0 ] ; then\n    # print error to STDERR\n    echo \"error: The sandbox is not in sync with the Podfile.lock. Run 'pod install' or update your CocoaPods installation.\" >&2\n    exit 1\nfi\n# This output is used by Xcode 'outputs' to avoid re-running this script phase.\necho \"SUCCESS\" > \"${SCRIPT_OUTPUT_FILE_0}\"\n";
			showEnvVarsInLog = 0;
		};
		FF8D105DAF9B6BB6B28B26F8 /* [CP] Embed Pods Frameworks */ = {
			isa = PBXShellScriptBuildPhase;
			buildActionMask = 2147483647;
			files = (
			);
			inputFileListPaths = (
				"${PODS_ROOT}/Target Support Files/Pods-BleAppLearning/Pods-BleAppLearning-frameworks-${CONFIGURATION}-input-files.xcfilelist",
			);
			name = "[CP] Embed Pods Frameworks";
			outputFileListPaths = (
				"${PODS_ROOT}/Target Support Files/Pods-BleAppLearning/Pods-BleAppLearning-frameworks-${CONFIGURATION}-output-files.xcfilelist",
			);
			runOnlyForDeploymentPostprocessing = 0;
			shellPath = /bin/sh;
			shellScript = "\"${PODS_ROOT}/Target Support Files/Pods-BleAppLearning/Pods-BleAppLearning-frameworks.sh\"\n";
			showEnvVarsInLog = 0;
		};
/* End PBXShellScriptBuildPhase section */

/* Begin PBXSourcesBuildPhase section */
		ABACDEA325E14C77003F5B0B /* Sources */ = {
			isa = PBXSourcesBuildPhase;
			buildActionMask = 2147483647;
			files = (
				ABACDF3525E27874003F5B0B /* AppCoordinator.swift in Sources */,
				ABACDF6625E2AFA9003F5B0B /* MainFactory.swift in Sources */,
				ABACDF2D25E27501003F5B0B /* StoreLocator.swift in Sources */,
				ABACDF4E25E28558003F5B0B /* AppState.swift in Sources */,
				ABACDF6925E2B04B003F5B0B /* MainPresenter.swift in Sources */,
				ABACDF4125E27E16003F5B0B /* Coordinator.swift in Sources */,
				ABACDF1925E25986003F5B0B /* CBManagerState.swift in Sources */,
				ABACDEAF25E14C77003F5B0B /* MainViewController.swift in Sources */,
				ABACDF2825E27042003F5B0B /* DeviceInfoViewController.swift in Sources */,
				ABACDF5625E28E98003F5B0B /* MainState.swift in Sources */,
				ABACDF4A25E27F3B003F5B0B /* UIStoryboard.swift in Sources */,
				ABACDEAB25E14C77003F5B0B /* AppDelegate.swift in Sources */,
				ABACDF5D25E295A7003F5B0B /* DeviceInfoPresenter.swift in Sources */,
				ABACDF3125E275AC003F5B0B /* SwiftyReduxBridging.swift in Sources */,
				ABACDF4425E27E33003F5B0B /* Router.swift in Sources */,
				ABACDF6F25E3D29A003F5B0B /* DeviceAction.swift in Sources */,
				ABACDEE625E16F2B003F5B0B /* UITableView.swift in Sources */,
				ABACDF6325E2AA73003F5B0B /* CBBridging.swift in Sources */,
				ABACDF1F25E26E31003F5B0B /* Printer.swift in Sources */,
				ABACDF5225E28E69003F5B0B /* Action.swift in Sources */,
				ABACDF5925E2947A003F5B0B /* Functions.swift in Sources */,
				ABACDEEF25E18045003F5B0B /* UIViewController+Alert.swift in Sources */,
				ABACDF4725E27EC0003F5B0B /* DeviceInfoFactory.swift in Sources */,
				ABACDF3825E27A9C003F5B0B /* MainCoordinator.swift in Sources */,
				ABACDF3E25E27D6E003F5B0B /* Command.swift in Sources */,
				ABACDEAD25E14C77003F5B0B /* SceneDelegate.swift in Sources */,
				ABACDECE25E16D1D003F5B0B /* DeviceTableViewCell.swift in Sources */,
			);
			runOnlyForDeploymentPostprocessing = 0;
		};
/* End PBXSourcesBuildPhase section */

/* Begin PBXVariantGroup section */
		ABACDEB025E14C77003F5B0B /* Main.storyboard */ = {
			isa = PBXVariantGroup;
			children = (
				ABACDEB125E14C77003F5B0B /* Base */,
			);
			name = Main.storyboard;
			sourceTree = "<group>";
		};
		ABACDEB525E14C78003F5B0B /* LaunchScreen.storyboard */ = {
			isa = PBXVariantGroup;
			children = (
				ABACDEB625E14C78003F5B0B /* Base */,
			);
			name = LaunchScreen.storyboard;
			sourceTree = "<group>";
		};
/* End PBXVariantGroup section */

/* Begin XCBuildConfiguration section */
		ABACDEB925E14C78003F5B0B /* Debug */ = {
			isa = XCBuildConfiguration;
			buildSettings = {
				ALWAYS_SEARCH_USER_PATHS = NO;
				CLANG_ANALYZER_NONNULL = YES;
				CLANG_ANALYZER_NUMBER_OBJECT_CONVERSION = YES_AGGRESSIVE;
				CLANG_CXX_LANGUAGE_STANDARD = "gnu++14";
				CLANG_CXX_LIBRARY = "libc++";
				CLANG_ENABLE_MODULES = YES;
				CLANG_ENABLE_OBJC_ARC = YES;
				CLANG_ENABLE_OBJC_WEAK = YES;
				CLANG_WARN_BLOCK_CAPTURE_AUTORELEASING = YES;
				CLANG_WARN_BOOL_CONVERSION = YES;
				CLANG_WARN_COMMA = YES;
				CLANG_WARN_CONSTANT_CONVERSION = YES;
				CLANG_WARN_DEPRECATED_OBJC_IMPLEMENTATIONS = YES;
				CLANG_WARN_DIRECT_OBJC_ISA_USAGE = YES_ERROR;
				CLANG_WARN_DOCUMENTATION_COMMENTS = YES;
				CLANG_WARN_EMPTY_BODY = YES;
				CLANG_WARN_ENUM_CONVERSION = YES;
				CLANG_WARN_INFINITE_RECURSION = YES;
				CLANG_WARN_INT_CONVERSION = YES;
				CLANG_WARN_NON_LITERAL_NULL_CONVERSION = YES;
				CLANG_WARN_OBJC_IMPLICIT_RETAIN_SELF = YES;
				CLANG_WARN_OBJC_LITERAL_CONVERSION = YES;
				CLANG_WARN_OBJC_ROOT_CLASS = YES_ERROR;
				CLANG_WARN_QUOTED_INCLUDE_IN_FRAMEWORK_HEADER = YES;
				CLANG_WARN_RANGE_LOOP_ANALYSIS = YES;
				CLANG_WARN_STRICT_PROTOTYPES = YES;
				CLANG_WARN_SUSPICIOUS_MOVE = YES;
				CLANG_WARN_UNGUARDED_AVAILABILITY = YES_AGGRESSIVE;
				CLANG_WARN_UNREACHABLE_CODE = YES;
				CLANG_WARN__DUPLICATE_METHOD_MATCH = YES;
				COPY_PHASE_STRIP = NO;
				DEBUG_INFORMATION_FORMAT = dwarf;
				ENABLE_STRICT_OBJC_MSGSEND = YES;
				ENABLE_TESTABILITY = YES;
				GCC_C_LANGUAGE_STANDARD = gnu11;
				GCC_DYNAMIC_NO_PIC = NO;
				GCC_NO_COMMON_BLOCKS = YES;
				GCC_OPTIMIZATION_LEVEL = 0;
				GCC_PREPROCESSOR_DEFINITIONS = (
					"DEBUG=1",
					"$(inherited)",
				);
				GCC_WARN_64_TO_32_BIT_CONVERSION = YES;
				GCC_WARN_ABOUT_RETURN_TYPE = YES_ERROR;
				GCC_WARN_UNDECLARED_SELECTOR = YES;
				GCC_WARN_UNINITIALIZED_AUTOS = YES_AGGRESSIVE;
				GCC_WARN_UNUSED_FUNCTION = YES;
				GCC_WARN_UNUSED_VARIABLE = YES;
				IPHONEOS_DEPLOYMENT_TARGET = 14.4;
				MTL_ENABLE_DEBUG_INFO = INCLUDE_SOURCE;
				MTL_FAST_MATH = YES;
				ONLY_ACTIVE_ARCH = YES;
				SDKROOT = iphoneos;
				SWIFT_ACTIVE_COMPILATION_CONDITIONS = DEBUG;
				SWIFT_OPTIMIZATION_LEVEL = "-Onone";
			};
			name = Debug;
		};
		ABACDEBA25E14C78003F5B0B /* Release */ = {
			isa = XCBuildConfiguration;
			buildSettings = {
				ALWAYS_SEARCH_USER_PATHS = NO;
				CLANG_ANALYZER_NONNULL = YES;
				CLANG_ANALYZER_NUMBER_OBJECT_CONVERSION = YES_AGGRESSIVE;
				CLANG_CXX_LANGUAGE_STANDARD = "gnu++14";
				CLANG_CXX_LIBRARY = "libc++";
				CLANG_ENABLE_MODULES = YES;
				CLANG_ENABLE_OBJC_ARC = YES;
				CLANG_ENABLE_OBJC_WEAK = YES;
				CLANG_WARN_BLOCK_CAPTURE_AUTORELEASING = YES;
				CLANG_WARN_BOOL_CONVERSION = YES;
				CLANG_WARN_COMMA = YES;
				CLANG_WARN_CONSTANT_CONVERSION = YES;
				CLANG_WARN_DEPRECATED_OBJC_IMPLEMENTATIONS = YES;
				CLANG_WARN_DIRECT_OBJC_ISA_USAGE = YES_ERROR;
				CLANG_WARN_DOCUMENTATION_COMMENTS = YES;
				CLANG_WARN_EMPTY_BODY = YES;
				CLANG_WARN_ENUM_CONVERSION = YES;
				CLANG_WARN_INFINITE_RECURSION = YES;
				CLANG_WARN_INT_CONVERSION = YES;
				CLANG_WARN_NON_LITERAL_NULL_CONVERSION = YES;
				CLANG_WARN_OBJC_IMPLICIT_RETAIN_SELF = YES;
				CLANG_WARN_OBJC_LITERAL_CONVERSION = YES;
				CLANG_WARN_OBJC_ROOT_CLASS = YES_ERROR;
				CLANG_WARN_QUOTED_INCLUDE_IN_FRAMEWORK_HEADER = YES;
				CLANG_WARN_RANGE_LOOP_ANALYSIS = YES;
				CLANG_WARN_STRICT_PROTOTYPES = YES;
				CLANG_WARN_SUSPICIOUS_MOVE = YES;
				CLANG_WARN_UNGUARDED_AVAILABILITY = YES_AGGRESSIVE;
				CLANG_WARN_UNREACHABLE_CODE = YES;
				CLANG_WARN__DUPLICATE_METHOD_MATCH = YES;
				COPY_PHASE_STRIP = NO;
				DEBUG_INFORMATION_FORMAT = "dwarf-with-dsym";
				ENABLE_NS_ASSERTIONS = NO;
				ENABLE_STRICT_OBJC_MSGSEND = YES;
				GCC_C_LANGUAGE_STANDARD = gnu11;
				GCC_NO_COMMON_BLOCKS = YES;
				GCC_WARN_64_TO_32_BIT_CONVERSION = YES;
				GCC_WARN_ABOUT_RETURN_TYPE = YES_ERROR;
				GCC_WARN_UNDECLARED_SELECTOR = YES;
				GCC_WARN_UNINITIALIZED_AUTOS = YES_AGGRESSIVE;
				GCC_WARN_UNUSED_FUNCTION = YES;
				GCC_WARN_UNUSED_VARIABLE = YES;
				IPHONEOS_DEPLOYMENT_TARGET = 14.4;
				MTL_ENABLE_DEBUG_INFO = NO;
				MTL_FAST_MATH = YES;
				SDKROOT = iphoneos;
				SWIFT_COMPILATION_MODE = wholemodule;
				SWIFT_OPTIMIZATION_LEVEL = "-O";
				VALIDATE_PRODUCT = YES;
			};
			name = Release;
		};
		ABACDEBC25E14C78003F5B0B /* Debug */ = {
			isa = XCBuildConfiguration;
			baseConfigurationReference = 34071AF668234CD11E881C3B /* Pods-BleAppLearning.debug.xcconfig */;
			buildSettings = {
				ASSETCATALOG_COMPILER_APPICON_NAME = AppIcon;
				ASSETCATALOG_COMPILER_GLOBAL_ACCENT_COLOR_NAME = AccentColor;
				CODE_SIGN_STYLE = Automatic;
				DEVELOPMENT_TEAM = 5AF75H34W7;
				INFOPLIST_FILE = BleAppLearning/Info.plist;
				LD_RUNPATH_SEARCH_PATHS = (
					"$(inherited)",
					"@executable_path/Frameworks",
				);
				PRODUCT_BUNDLE_IDENTIFIER = com.vivtnnx.BleAppLearning;
				PRODUCT_NAME = "$(TARGET_NAME)";
				SWIFT_VERSION = 5.0;
				TARGETED_DEVICE_FAMILY = "1,2";
			};
			name = Debug;
		};
		ABACDEBD25E14C78003F5B0B /* Release */ = {
			isa = XCBuildConfiguration;
			baseConfigurationReference = 41AC48F4227DFDC615D49347 /* Pods-BleAppLearning.release.xcconfig */;
			buildSettings = {
				ASSETCATALOG_COMPILER_APPICON_NAME = AppIcon;
				ASSETCATALOG_COMPILER_GLOBAL_ACCENT_COLOR_NAME = AccentColor;
				CODE_SIGN_STYLE = Automatic;
				DEVELOPMENT_TEAM = 5AF75H34W7;
				INFOPLIST_FILE = BleAppLearning/Info.plist;
				LD_RUNPATH_SEARCH_PATHS = (
					"$(inherited)",
					"@executable_path/Frameworks",
				);
				PRODUCT_BUNDLE_IDENTIFIER = com.vivtnnx.BleAppLearning;
				PRODUCT_NAME = "$(TARGET_NAME)";
				SWIFT_VERSION = 5.0;
				TARGETED_DEVICE_FAMILY = "1,2";
			};
			name = Release;
		};
/* End XCBuildConfiguration section */

/* Begin XCConfigurationList section */
		ABACDEA225E14C77003F5B0B /* Build configuration list for PBXProject "BleAppLearning" */ = {
			isa = XCConfigurationList;
			buildConfigurations = (
				ABACDEB925E14C78003F5B0B /* Debug */,
				ABACDEBA25E14C78003F5B0B /* Release */,
			);
			defaultConfigurationIsVisible = 0;
			defaultConfigurationName = Release;
		};
		ABACDEBB25E14C78003F5B0B /* Build configuration list for PBXNativeTarget "BleAppLearning" */ = {
			isa = XCConfigurationList;
			buildConfigurations = (
				ABACDEBC25E14C78003F5B0B /* Debug */,
				ABACDEBD25E14C78003F5B0B /* Release */,
			);
			defaultConfigurationIsVisible = 0;
			defaultConfigurationName = Release;
		};
/* End XCConfigurationList section */
	};
	rootObject = ABACDE9F25E14C77003F5B0B /* Project object */;
}
